// !$*UTF8*$!
{
	archiveVersion = 1;
	classes = {
	};
	objectVersion = 46;
	objects = {

/* Begin PBXBuildFile section */
		8B31CB1C1F60A4FF000BC67F /* ContactTableViewCell.swift in Sources */ = {isa = PBXBuildFile; fileRef = 8B31CB1B1F60A4FF000BC67F /* ContactTableViewCell.swift */; };
		8B581C2D1F62712D00024474 /* TemperatureViewController.swift in Sources */ = {isa = PBXBuildFile; fileRef = 8B581C2C1F62712D00024474 /* TemperatureViewController.swift */; };
		8B581C2F1F6281E500024474 /* LogsViewController.swift in Sources */ = {isa = PBXBuildFile; fileRef = 8B581C2E1F6281E500024474 /* LogsViewController.swift */; };
		8B7C70CC1F607580000F1BBD /* SetupServerViewController.swift in Sources */ = {isa = PBXBuildFile; fileRef = 8B7C70CB1F607580000F1BBD /* SetupServerViewController.swift */; };
		8B7C70CE1F60781B000F1BBD /* SetupDeviceViewController.swift in Sources */ = {isa = PBXBuildFile; fileRef = 8B7C70CD1F60781B000F1BBD /* SetupDeviceViewController.swift */; };
		8B88CA021F6084A10084A403 /* SetupContactsViewController.swift in Sources */ = {isa = PBXBuildFile; fileRef = 8B88CA011F6084A10084A403 /* SetupContactsViewController.swift */; };
		8B88CA041F6085860084A403 /* SetupFinishViewController.swift in Sources */ = {isa = PBXBuildFile; fileRef = 8B88CA031F6085860084A403 /* SetupFinishViewController.swift */; };
		EF53C00D1F2C694F007BD932 /* SecurityServerAPI.swift in Sources */ = {isa = PBXBuildFile; fileRef = EF53C00C1F2C694F007BD932 /* SecurityServerAPI.swift */; };
		EF53C00F1F2C90F9007BD932 /* VideoViewController.swift in Sources */ = {isa = PBXBuildFile; fileRef = EF53C00E1F2C90F9007BD932 /* VideoViewController.swift */; };
		EFA5DEA71F283D4300945A4B /* setup.storyboard in Resources */ = {isa = PBXBuildFile; fileRef = EFA5DEA61F283D4300945A4B /* setup.storyboard */; };
		EFA5DEAB1F28473F00945A4B /* utilities.swift in Sources */ = {isa = PBXBuildFile; fileRef = EFA5DEAA1F28473F00945A4B /* utilities.swift */; };
		EFAB56F51F3152DA004224BB /* LocationViewController.swift in Sources */ = {isa = PBXBuildFile; fileRef = EFAB56F41F3152DA004224BB /* LocationViewController.swift */; };
		EFAB56F81F315651004224BB /* MapKit.framework in Frameworks */ = {isa = PBXBuildFile; fileRef = EFAB56F71F315651004224BB /* MapKit.framework */; };
		EFAB56FA1F3161FE004224BB /* CurrentGPSLocation.swift in Sources */ = {isa = PBXBuildFile; fileRef = EFAB56F91F3161FE004224BB /* CurrentGPSLocation.swift */; };
		EFBCC3131F2BD8B500A3DDA3 /* dashboard.storyboard in Resources */ = {isa = PBXBuildFile; fileRef = EFBCC3121F2BD8B500A3DDA3 /* dashboard.storyboard */; };
		EFBCC3151F2BFB1C00A3DDA3 /* DashboardViewController.swift in Sources */ = {isa = PBXBuildFile; fileRef = EFBCC3141F2BFB1C00A3DDA3 /* DashboardViewController.swift */; };
		EFCED4C31F27BD63002E9EA3 /* AppDelegate.swift in Sources */ = {isa = PBXBuildFile; fileRef = EFCED4C21F27BD63002E9EA3 /* AppDelegate.swift */; };
		EFCED4C51F27BD63002E9EA3 /* FirstStartController.swift in Sources */ = {isa = PBXBuildFile; fileRef = EFCED4C41F27BD63002E9EA3 /* FirstStartController.swift */; };
		EFCED4C81F27BD63002E9EA3 /* Main.storyboard in Resources */ = {isa = PBXBuildFile; fileRef = EFCED4C61F27BD63002E9EA3 /* Main.storyboard */; };
		EFCED4CA1F27BD63002E9EA3 /* Assets.xcassets in Resources */ = {isa = PBXBuildFile; fileRef = EFCED4C91F27BD63002E9EA3 /* Assets.xcassets */; };
		EFCED4CD1F27BD63002E9EA3 /* LaunchScreen.storyboard in Resources */ = {isa = PBXBuildFile; fileRef = EFCED4CB1F27BD63002E9EA3 /* LaunchScreen.storyboard */; };
		EFCED4D81F27BD63002E9EA3 /* SmartVehicleSec_ClientAppTests.swift in Sources */ = {isa = PBXBuildFile; fileRef = EFCED4D71F27BD63002E9EA3 /* SmartVehicleSec_ClientAppTests.swift */; };
		EFCED4E31F27BD63002E9EA3 /* SmartVehicleSec_ClientAppUITests.swift in Sources */ = {isa = PBXBuildFile; fileRef = EFCED4E21F27BD63002E9EA3 /* SmartVehicleSec_ClientAppUITests.swift */; };
/* End PBXBuildFile section */

/* Begin PBXContainerItemProxy section */
		EFCED4D41F27BD63002E9EA3 /* PBXContainerItemProxy */ = {
			isa = PBXContainerItemProxy;
			containerPortal = EFCED4B71F27BD62002E9EA3 /* Project object */;
			proxyType = 1;
			remoteGlobalIDString = EFCED4BE1F27BD63002E9EA3;
			remoteInfo = "SmartVehicleSec-ClientApp";
		};
		EFCED4DF1F27BD63002E9EA3 /* PBXContainerItemProxy */ = {
			isa = PBXContainerItemProxy;
			containerPortal = EFCED4B71F27BD62002E9EA3 /* Project object */;
			proxyType = 1;
			remoteGlobalIDString = EFCED4BE1F27BD63002E9EA3;
			remoteInfo = "SmartVehicleSec-ClientApp";
		};
/* End PBXContainerItemProxy section */

/* Begin PBXFileReference section */
		8B31CB1B1F60A4FF000BC67F /* ContactTableViewCell.swift */ = {isa = PBXFileReference; fileEncoding = 4; lastKnownFileType = sourcecode.swift; path = ContactTableViewCell.swift; sourceTree = "<group>"; };
		8B581C2C1F62712D00024474 /* TemperatureViewController.swift */ = {isa = PBXFileReference; fileEncoding = 4; lastKnownFileType = sourcecode.swift; path = TemperatureViewController.swift; sourceTree = "<group>"; };
		8B581C2E1F6281E500024474 /* LogsViewController.swift */ = {isa = PBXFileReference; fileEncoding = 4; lastKnownFileType = sourcecode.swift; path = LogsViewController.swift; sourceTree = "<group>"; };
		8B7C70CB1F607580000F1BBD /* SetupServerViewController.swift */ = {isa = PBXFileReference; fileEncoding = 4; lastKnownFileType = sourcecode.swift; path = SetupServerViewController.swift; sourceTree = "<group>"; };
		8B7C70CD1F60781B000F1BBD /* SetupDeviceViewController.swift */ = {isa = PBXFileReference; fileEncoding = 4; lastKnownFileType = sourcecode.swift; path = SetupDeviceViewController.swift; sourceTree = "<group>"; };
		8B88CA011F6084A10084A403 /* SetupContactsViewController.swift */ = {isa = PBXFileReference; fileEncoding = 4; lastKnownFileType = sourcecode.swift; path = SetupContactsViewController.swift; sourceTree = "<group>"; };
		8B88CA031F6085860084A403 /* SetupFinishViewController.swift */ = {isa = PBXFileReference; fileEncoding = 4; lastKnownFileType = sourcecode.swift; path = SetupFinishViewController.swift; sourceTree = "<group>"; };
		EF53C00C1F2C694F007BD932 /* SecurityServerAPI.swift */ = {isa = PBXFileReference; fileEncoding = 4; lastKnownFileType = sourcecode.swift; path = SecurityServerAPI.swift; sourceTree = "<group>"; };
		EF53C00E1F2C90F9007BD932 /* VideoViewController.swift */ = {isa = PBXFileReference; fileEncoding = 4; lastKnownFileType = sourcecode.swift; path = VideoViewController.swift; sourceTree = "<group>"; };
		EF6368661F299D46007E3788 /* GR-Bridging-Header.h */ = {isa = PBXFileReference; fileEncoding = 4; lastKnownFileType = sourcecode.c.h; path = "GR-Bridging-Header.h"; sourceTree = "<group>"; };
		EFA5DEA61F283D4300945A4B /* setup.storyboard */ = {isa = PBXFileReference; fileEncoding = 4; lastKnownFileType = file.storyboard; path = setup.storyboard; sourceTree = "<group>"; };
		EFA5DEAA1F28473F00945A4B /* utilities.swift */ = {isa = PBXFileReference; fileEncoding = 4; lastKnownFileType = sourcecode.swift; path = utilities.swift; sourceTree = "<group>"; };
		EFAB56F41F3152DA004224BB /* LocationViewController.swift */ = {isa = PBXFileReference; fileEncoding = 4; lastKnownFileType = sourcecode.swift; path = LocationViewController.swift; sourceTree = "<group>"; };
		EFAB56F71F315651004224BB /* MapKit.framework */ = {isa = PBXFileReference; lastKnownFileType = wrapper.framework; name = MapKit.framework; path = System/Library/Frameworks/MapKit.framework; sourceTree = SDKROOT; };
		EFAB56F91F3161FE004224BB /* CurrentGPSLocation.swift */ = {isa = PBXFileReference; fileEncoding = 4; lastKnownFileType = sourcecode.swift; path = CurrentGPSLocation.swift; sourceTree = "<group>"; };
		EFBCC3121F2BD8B500A3DDA3 /* dashboard.storyboard */ = {isa = PBXFileReference; fileEncoding = 4; lastKnownFileType = file.storyboard; path = dashboard.storyboard; sourceTree = "<group>"; };
		EFBCC3141F2BFB1C00A3DDA3 /* DashboardViewController.swift */ = {isa = PBXFileReference; fileEncoding = 4; lastKnownFileType = sourcecode.swift; path = DashboardViewController.swift; sourceTree = "<group>"; };
		EFCED4BF1F27BD63002E9EA3 /* SmartVehicleSec-ClientApp.app */ = {isa = PBXFileReference; explicitFileType = wrapper.application; includeInIndex = 0; path = "SmartVehicleSec-ClientApp.app"; sourceTree = BUILT_PRODUCTS_DIR; };
		EFCED4C21F27BD63002E9EA3 /* AppDelegate.swift */ = {isa = PBXFileReference; lastKnownFileType = sourcecode.swift; path = AppDelegate.swift; sourceTree = "<group>"; };
		EFCED4C41F27BD63002E9EA3 /* FirstStartController.swift */ = {isa = PBXFileReference; lastKnownFileType = sourcecode.swift; path = FirstStartController.swift; sourceTree = "<group>"; };
		EFCED4C71F27BD63002E9EA3 /* Base */ = {isa = PBXFileReference; lastKnownFileType = file.storyboard; name = Base; path = Base.lproj/Main.storyboard; sourceTree = "<group>"; };
		EFCED4C91F27BD63002E9EA3 /* Assets.xcassets */ = {isa = PBXFileReference; lastKnownFileType = folder.assetcatalog; path = Assets.xcassets; sourceTree = "<group>"; };
		EFCED4CC1F27BD63002E9EA3 /* Base */ = {isa = PBXFileReference; lastKnownFileType = file.storyboard; name = Base; path = Base.lproj/LaunchScreen.storyboard; sourceTree = "<group>"; };
		EFCED4CE1F27BD63002E9EA3 /* Info.plist */ = {isa = PBXFileReference; lastKnownFileType = text.plist.xml; path = Info.plist; sourceTree = "<group>"; };
		EFCED4D31F27BD63002E9EA3 /* SmartVehicleSec-ClientAppTests.xctest */ = {isa = PBXFileReference; explicitFileType = wrapper.cfbundle; includeInIndex = 0; path = "SmartVehicleSec-ClientAppTests.xctest"; sourceTree = BUILT_PRODUCTS_DIR; };
		EFCED4D71F27BD63002E9EA3 /* SmartVehicleSec_ClientAppTests.swift */ = {isa = PBXFileReference; lastKnownFileType = sourcecode.swift; path = SmartVehicleSec_ClientAppTests.swift; sourceTree = "<group>"; };
		EFCED4D91F27BD63002E9EA3 /* Info.plist */ = {isa = PBXFileReference; lastKnownFileType = text.plist.xml; path = Info.plist; sourceTree = "<group>"; };
		EFCED4DE1F27BD63002E9EA3 /* SmartVehicleSec-ClientAppUITests.xctest */ = {isa = PBXFileReference; explicitFileType = wrapper.cfbundle; includeInIndex = 0; path = "SmartVehicleSec-ClientAppUITests.xctest"; sourceTree = BUILT_PRODUCTS_DIR; };
		EFCED4E21F27BD63002E9EA3 /* SmartVehicleSec_ClientAppUITests.swift */ = {isa = PBXFileReference; lastKnownFileType = sourcecode.swift; path = SmartVehicleSec_ClientAppUITests.swift; sourceTree = "<group>"; };
		EFCED4E41F27BD63002E9EA3 /* Info.plist */ = {isa = PBXFileReference; lastKnownFileType = text.plist.xml; path = Info.plist; sourceTree = "<group>"; };
/* End PBXFileReference section */

/* Begin PBXFrameworksBuildPhase section */
		EFCED4BC1F27BD63002E9EA3 /* Frameworks */ = {
			isa = PBXFrameworksBuildPhase;
			buildActionMask = 2147483647;
			files = (
				EFAB56F81F315651004224BB /* MapKit.framework in Frameworks */,
			);
			runOnlyForDeploymentPostprocessing = 0;
		};
		EFCED4D01F27BD63002E9EA3 /* Frameworks */ = {
			isa = PBXFrameworksBuildPhase;
			buildActionMask = 2147483647;
			files = (
			);
			runOnlyForDeploymentPostprocessing = 0;
		};
		EFCED4DB1F27BD63002E9EA3 /* Frameworks */ = {
			isa = PBXFrameworksBuildPhase;
			buildActionMask = 2147483647;
			files = (
			);
			runOnlyForDeploymentPostprocessing = 0;
		};
/* End PBXFrameworksBuildPhase section */

/* Begin PBXGroup section */
		8B31CB1A1F60A4D5000BC67F /* TableView Components */ = {
			isa = PBXGroup;
			children = (
				8B31CB1B1F60A4FF000BC67F /* ContactTableViewCell.swift */,
			);
			name = "TableView Components";
			sourceTree = "<group>";
		};
		EF6368631F299597007E3788 /* Back End Source */ = {
			isa = PBXGroup;
			children = (
				EF6368661F299D46007E3788 /* GR-Bridging-Header.h */,
				EF53C00C1F2C694F007BD932 /* SecurityServerAPI.swift */,
				EFAB56F91F3161FE004224BB /* CurrentGPSLocation.swift */,
				EFA5DEAA1F28473F00945A4B /* utilities.swift */,
			);
			name = "Back End Source";
			sourceTree = "<group>";
		};
		EFA5DEA41F283CCC00945A4B /* First Start Components */ = {
			isa = PBXGroup;
			children = (
				EFCED4C41F27BD63002E9EA3 /* FirstStartController.swift */,
				EFCED4C61F27BD63002E9EA3 /* Main.storyboard */,
			);
			name = "First Start Components";
			sourceTree = "<group>";
		};
		EFA5DEA51F283D1200945A4B /* Set Up Components */ = {
			isa = PBXGroup;
			children = (
				8B31CB1A1F60A4D5000BC67F /* TableView Components */,
				EFA5DEA61F283D4300945A4B /* setup.storyboard */,
				8B7C70CB1F607580000F1BBD /* SetupServerViewController.swift */,
				8B7C70CD1F60781B000F1BBD /* SetupDeviceViewController.swift */,
				8B88CA011F6084A10084A403 /* SetupContactsViewController.swift */,
				8B88CA031F6085860084A403 /* SetupFinishViewController.swift */,
			);
			name = "Set Up Components";
			sourceTree = "<group>";
		};
		EFAB56F61F315651004224BB /* Frameworks */ = {
			isa = PBXGroup;
			children = (
				EFAB56F71F315651004224BB /* MapKit.framework */,
			);
			name = Frameworks;
			sourceTree = "<group>";
		};
		EFBCC3111F2BD7B800A3DDA3 /* Dashboard Components */ = {
			isa = PBXGroup;
			children = (
				EFBCC3121F2BD8B500A3DDA3 /* dashboard.storyboard */,
				EFBCC3141F2BFB1C00A3DDA3 /* DashboardViewController.swift */,
				EF53C00E1F2C90F9007BD932 /* VideoViewController.swift */,
				EFAB56F41F3152DA004224BB /* LocationViewController.swift */,
				8B581C2C1F62712D00024474 /* TemperatureViewController.swift */,
				8B581C2E1F6281E500024474 /* LogsViewController.swift */,
			);
			name = "Dashboard Components";
			sourceTree = "<group>";
		};
		EFCED4B61F27BD62002E9EA3 = {
			isa = PBXGroup;
			children = (
				EFCED4C11F27BD63002E9EA3 /* SmartVehicleSec-ClientApp */,
				EFCED4D61F27BD63002E9EA3 /* SmartVehicleSec-ClientAppTests */,
				EFCED4E11F27BD63002E9EA3 /* SmartVehicleSec-ClientAppUITests */,
				EFCED4C01F27BD63002E9EA3 /* Products */,
				EFAB56F61F315651004224BB /* Frameworks */,
			);
			sourceTree = "<group>";
		};
		EFCED4C01F27BD63002E9EA3 /* Products */ = {
			isa = PBXGroup;
			children = (
				EFCED4BF1F27BD63002E9EA3 /* SmartVehicleSec-ClientApp.app */,
				EFCED4D31F27BD63002E9EA3 /* SmartVehicleSec-ClientAppTests.xctest */,
				EFCED4DE1F27BD63002E9EA3 /* SmartVehicleSec-ClientAppUITests.xctest */,
			);
			name = Products;
			sourceTree = "<group>";
		};
		EFCED4C11F27BD63002E9EA3 /* SmartVehicleSec-ClientApp */ = {
			isa = PBXGroup;
			children = (
				EFBCC3111F2BD7B800A3DDA3 /* Dashboard Components */,
				EF6368631F299597007E3788 /* Back End Source */,
				EFA5DEA51F283D1200945A4B /* Set Up Components */,
				EFA5DEA41F283CCC00945A4B /* First Start Components */,
				EFCED4C21F27BD63002E9EA3 /* AppDelegate.swift */,
				EFCED4C91F27BD63002E9EA3 /* Assets.xcassets */,
				EFCED4CB1F27BD63002E9EA3 /* LaunchScreen.storyboard */,
				EFCED4CE1F27BD63002E9EA3 /* Info.plist */,
			);
			path = "SmartVehicleSec-ClientApp";
			sourceTree = "<group>";
		};
		EFCED4D61F27BD63002E9EA3 /* SmartVehicleSec-ClientAppTests */ = {
			isa = PBXGroup;
			children = (
				EFCED4D71F27BD63002E9EA3 /* SmartVehicleSec_ClientAppTests.swift */,
				EFCED4D91F27BD63002E9EA3 /* Info.plist */,
			);
			path = "SmartVehicleSec-ClientAppTests";
			sourceTree = "<group>";
		};
		EFCED4E11F27BD63002E9EA3 /* SmartVehicleSec-ClientAppUITests */ = {
			isa = PBXGroup;
			children = (
				EFCED4E21F27BD63002E9EA3 /* SmartVehicleSec_ClientAppUITests.swift */,
				EFCED4E41F27BD63002E9EA3 /* Info.plist */,
			);
			path = "SmartVehicleSec-ClientAppUITests";
			sourceTree = "<group>";
		};
/* End PBXGroup section */

/* Begin PBXNativeTarget section */
		EFCED4BE1F27BD63002E9EA3 /* SmartVehicleSec-ClientApp */ = {
			isa = PBXNativeTarget;
			buildConfigurationList = EFCED4E71F27BD63002E9EA3 /* Build configuration list for PBXNativeTarget "SmartVehicleSec-ClientApp" */;
			buildPhases = (
				EFCED4BB1F27BD63002E9EA3 /* Sources */,
				EFCED4BC1F27BD63002E9EA3 /* Frameworks */,
				EFCED4BD1F27BD63002E9EA3 /* Resources */,
			);
			buildRules = (
			);
			dependencies = (
			);
			name = "SmartVehicleSec-ClientApp";
			productName = "SmartVehicleSec-ClientApp";
			productReference = EFCED4BF1F27BD63002E9EA3 /* SmartVehicleSec-ClientApp.app */;
			productType = "com.apple.product-type.application";
		};
		EFCED4D21F27BD63002E9EA3 /* SmartVehicleSec-ClientAppTests */ = {
			isa = PBXNativeTarget;
			buildConfigurationList = EFCED4EA1F27BD63002E9EA3 /* Build configuration list for PBXNativeTarget "SmartVehicleSec-ClientAppTests" */;
			buildPhases = (
				EFCED4CF1F27BD63002E9EA3 /* Sources */,
				EFCED4D01F27BD63002E9EA3 /* Frameworks */,
				EFCED4D11F27BD63002E9EA3 /* Resources */,
			);
			buildRules = (
			);
			dependencies = (
				EFCED4D51F27BD63002E9EA3 /* PBXTargetDependency */,
			);
			name = "SmartVehicleSec-ClientAppTests";
			productName = "SmartVehicleSec-ClientAppTests";
			productReference = EFCED4D31F27BD63002E9EA3 /* SmartVehicleSec-ClientAppTests.xctest */;
			productType = "com.apple.product-type.bundle.unit-test";
		};
		EFCED4DD1F27BD63002E9EA3 /* SmartVehicleSec-ClientAppUITests */ = {
			isa = PBXNativeTarget;
			buildConfigurationList = EFCED4ED1F27BD63002E9EA3 /* Build configuration list for PBXNativeTarget "SmartVehicleSec-ClientAppUITests" */;
			buildPhases = (
				EFCED4DA1F27BD63002E9EA3 /* Sources */,
				EFCED4DB1F27BD63002E9EA3 /* Frameworks */,
				EFCED4DC1F27BD63002E9EA3 /* Resources */,
			);
			buildRules = (
			);
			dependencies = (
				EFCED4E01F27BD63002E9EA3 /* PBXTargetDependency */,
			);
			name = "SmartVehicleSec-ClientAppUITests";
			productName = "SmartVehicleSec-ClientAppUITests";
			productReference = EFCED4DE1F27BD63002E9EA3 /* SmartVehicleSec-ClientAppUITests.xctest */;
			productType = "com.apple.product-type.bundle.ui-testing";
		};
/* End PBXNativeTarget section */

/* Begin PBXProject section */
		EFCED4B71F27BD62002E9EA3 /* Project object */ = {
			isa = PBXProject;
			attributes = {
				LastSwiftUpdateCheck = 0830;
				LastUpgradeCheck = 0830;
				ORGANIZATIONNAME = "Jordan Hubbard";
				TargetAttributes = {
					EFCED4BE1F27BD63002E9EA3 = {
						CreatedOnToolsVersion = 8.3.3;
						DevelopmentTeam = QAUJP6N6W5;
						ProvisioningStyle = Automatic;
						SystemCapabilities = {
							com.apple.Maps.iOS = {
								enabled = 1;
							};
						};
					};
					EFCED4D21F27BD63002E9EA3 = {
						CreatedOnToolsVersion = 8.3.3;
						DevelopmentTeam = QAUJP6N6W5;
						ProvisioningStyle = Automatic;
						TestTargetID = EFCED4BE1F27BD63002E9EA3;
					};
					EFCED4DD1F27BD63002E9EA3 = {
						CreatedOnToolsVersion = 8.3.3;
						DevelopmentTeam = QAUJP6N6W5;
						ProvisioningStyle = Automatic;
						TestTargetID = EFCED4BE1F27BD63002E9EA3;
					};
				};
			};
			buildConfigurationList = EFCED4BA1F27BD62002E9EA3 /* Build configuration list for PBXProject "SmartVehicleSec-ClientApp" */;
			compatibilityVersion = "Xcode 3.2";
			developmentRegion = English;
			hasScannedForEncodings = 0;
			knownRegions = (
				en,
				Base,
			);
			mainGroup = EFCED4B61F27BD62002E9EA3;
			productRefGroup = EFCED4C01F27BD63002E9EA3 /* Products */;
			projectDirPath = "";
			projectRoot = "";
			targets = (
				EFCED4BE1F27BD63002E9EA3 /* SmartVehicleSec-ClientApp */,
				EFCED4D21F27BD63002E9EA3 /* SmartVehicleSec-ClientAppTests */,
				EFCED4DD1F27BD63002E9EA3 /* SmartVehicleSec-ClientAppUITests */,
			);
		};
/* End PBXProject section */

/* Begin PBXResourcesBuildPhase section */
		EFCED4BD1F27BD63002E9EA3 /* Resources */ = {
			isa = PBXResourcesBuildPhase;
			buildActionMask = 2147483647;
			files = (
				EFA5DEA71F283D4300945A4B /* setup.storyboard in Resources */,
				EFBCC3131F2BD8B500A3DDA3 /* dashboard.storyboard in Resources */,
				EFCED4CD1F27BD63002E9EA3 /* LaunchScreen.storyboard in Resources */,
				EFCED4CA1F27BD63002E9EA3 /* Assets.xcassets in Resources */,
				EFCED4C81F27BD63002E9EA3 /* Main.storyboard in Resources */,
			);
			runOnlyForDeploymentPostprocessing = 0;
		};
		EFCED4D11F27BD63002E9EA3 /* Resources */ = {
			isa = PBXResourcesBuildPhase;
			buildActionMask = 2147483647;
			files = (
			);
			runOnlyForDeploymentPostprocessing = 0;
		};
		EFCED4DC1F27BD63002E9EA3 /* Resources */ = {
			isa = PBXResourcesBuildPhase;
			buildActionMask = 2147483647;
			files = (
			);
			runOnlyForDeploymentPostprocessing = 0;
		};
/* End PBXResourcesBuildPhase section */

/* Begin PBXSourcesBuildPhase section */
		EFCED4BB1F27BD63002E9EA3 /* Sources */ = {
			isa = PBXSourcesBuildPhase;
			buildActionMask = 2147483647;
			files = (
				8B31CB1C1F60A4FF000BC67F /* ContactTableViewCell.swift in Sources */,
				EFBCC3151F2BFB1C00A3DDA3 /* DashboardViewController.swift in Sources */,
				EF53C00D1F2C694F007BD932 /* SecurityServerAPI.swift in Sources */,
				EFCED4C51F27BD63002E9EA3 /* FirstStartController.swift in Sources */,
				8B88CA021F6084A10084A403 /* SetupContactsViewController.swift in Sources */,
				8B581C2F1F6281E500024474 /* LogsViewController.swift in Sources */,
				8B581C2D1F62712D00024474 /* TemperatureViewController.swift in Sources */,
				EFCED4C31F27BD63002E9EA3 /* AppDelegate.swift in Sources */,
				EFAB56F51F3152DA004224BB /* LocationViewController.swift in Sources */,
				8B7C70CE1F60781B000F1BBD /* SetupDeviceViewController.swift in Sources */,
				EFA5DEAB1F28473F00945A4B /* utilities.swift in Sources */,
				8B88CA041F6085860084A403 /* SetupFinishViewController.swift in Sources */,
				EF53C00F1F2C90F9007BD932 /* VideoViewController.swift in Sources */,
				EFAB56FA1F3161FE004224BB /* CurrentGPSLocation.swift in Sources */,
				8B7C70CC1F607580000F1BBD /* SetupServerViewController.swift in Sources */,
			);
			runOnlyForDeploymentPostprocessing = 0;
		};
		EFCED4CF1F27BD63002E9EA3 /* Sources */ = {
			isa = PBXSourcesBuildPhase;
			buildActionMask = 2147483647;
			files = (
				EFCED4D81F27BD63002E9EA3 /* SmartVehicleSec_ClientAppTests.swift in Sources */,
			);
			runOnlyForDeploymentPostprocessing = 0;
		};
		EFCED4DA1F27BD63002E9EA3 /* Sources */ = {
			isa = PBXSourcesBuildPhase;
			buildActionMask = 2147483647;
			files = (
				EFCED4E31F27BD63002E9EA3 /* SmartVehicleSec_ClientAppUITests.swift in Sources */,
			);
			runOnlyForDeploymentPostprocessing = 0;
		};
/* End PBXSourcesBuildPhase section */

/* Begin PBXTargetDependency section */
		EFCED4D51F27BD63002E9EA3 /* PBXTargetDependency */ = {
			isa = PBXTargetDependency;
			target = EFCED4BE1F27BD63002E9EA3 /* SmartVehicleSec-ClientApp */;
			targetProxy = EFCED4D41F27BD63002E9EA3 /* PBXContainerItemProxy */;
		};
		EFCED4E01F27BD63002E9EA3 /* PBXTargetDependency */ = {
			isa = PBXTargetDependency;
			target = EFCED4BE1F27BD63002E9EA3 /* SmartVehicleSec-ClientApp */;
			targetProxy = EFCED4DF1F27BD63002E9EA3 /* PBXContainerItemProxy */;
		};
/* End PBXTargetDependency section */

/* Begin PBXVariantGroup section */
		EFCED4C61F27BD63002E9EA3 /* Main.storyboard */ = {
			isa = PBXVariantGroup;
			children = (
				EFCED4C71F27BD63002E9EA3 /* Base */,
			);
			name = Main.storyboard;
			sourceTree = "<group>";
		};
		EFCED4CB1F27BD63002E9EA3 /* LaunchScreen.storyboard */ = {
			isa = PBXVariantGroup;
			children = (
				EFCED4CC1F27BD63002E9EA3 /* Base */,
			);
			name = LaunchScreen.storyboard;
			sourceTree = "<group>";
		};
/* End PBXVariantGroup section */

/* Begin XCBuildConfiguration section */
		EFCED4E51F27BD63002E9EA3 /* Debug */ = {
			isa = XCBuildConfiguration;
			buildSettings = {
				ALWAYS_SEARCH_USER_PATHS = NO;
				CLANG_ANALYZER_NONNULL = YES;
				CLANG_ANALYZER_NUMBER_OBJECT_CONVERSION = YES_AGGRESSIVE;
				CLANG_CXX_LANGUAGE_STANDARD = "gnu++0x";
				CLANG_CXX_LIBRARY = "libc++";
				CLANG_ENABLE_MODULES = YES;
				CLANG_ENABLE_OBJC_ARC = YES;
				CLANG_WARN_BOOL_CONVERSION = YES;
				CLANG_WARN_CONSTANT_CONVERSION = YES;
				CLANG_WARN_DIRECT_OBJC_ISA_USAGE = YES_ERROR;
				CLANG_WARN_DOCUMENTATION_COMMENTS = YES;
				CLANG_WARN_EMPTY_BODY = YES;
				CLANG_WARN_ENUM_CONVERSION = YES;
				CLANG_WARN_INFINITE_RECURSION = YES;
				CLANG_WARN_INT_CONVERSION = YES;
				CLANG_WARN_OBJC_ROOT_CLASS = YES_ERROR;
				CLANG_WARN_SUSPICIOUS_MOVE = YES;
				CLANG_WARN_UNREACHABLE_CODE = YES;
				CLANG_WARN__DUPLICATE_METHOD_MATCH = YES;
				"CODE_SIGN_IDENTITY[sdk=iphoneos*]" = "iPhone Developer";
				COPY_PHASE_STRIP = NO;
				DEBUG_INFORMATION_FORMAT = dwarf;
				ENABLE_STRICT_OBJC_MSGSEND = YES;
				ENABLE_TESTABILITY = YES;
				GCC_C_LANGUAGE_STANDARD = gnu99;
				GCC_DYNAMIC_NO_PIC = NO;
				GCC_NO_COMMON_BLOCKS = YES;
				GCC_OPTIMIZATION_LEVEL = 0;
				GCC_PREPROCESSOR_DEFINITIONS = (
					"DEBUG=1",
					"$(inherited)",
				);
				GCC_WARN_64_TO_32_BIT_CONVERSION = YES;
				GCC_WARN_ABOUT_RETURN_TYPE = YES_ERROR;
				GCC_WARN_UNDECLARED_SELECTOR = YES;
				GCC_WARN_UNINITIALIZED_AUTOS = YES_AGGRESSIVE;
				GCC_WARN_UNUSED_FUNCTION = YES;
				GCC_WARN_UNUSED_VARIABLE = YES;
				IPHONEOS_DEPLOYMENT_TARGET = 10.3;
				MTL_ENABLE_DEBUG_INFO = YES;
				ONLY_ACTIVE_ARCH = YES;
				SDKROOT = iphoneos;
				SWIFT_ACTIVE_COMPILATION_CONDITIONS = DEBUG;
				"SWIFT_OBJC_BRIDGING_HEADER[arch=*]" = "SmartVehicleSec-ClientApp/GR-Bridging-Header.h";
				SWIFT_OPTIMIZATION_LEVEL = "-Onone";
				TARGETED_DEVICE_FAMILY = "1,2";
			};
			name = Debug;
		};
		EFCED4E61F27BD63002E9EA3 /* Release */ = {
			isa = XCBuildConfiguration;
			buildSettings = {
				ALWAYS_SEARCH_USER_PATHS = NO;
				CLANG_ANALYZER_NONNULL = YES;
				CLANG_ANALYZER_NUMBER_OBJECT_CONVERSION = YES_AGGRESSIVE;
				CLANG_CXX_LANGUAGE_STANDARD = "gnu++0x";
				CLANG_CXX_LIBRARY = "libc++";
				CLANG_ENABLE_MODULES = YES;
				CLANG_ENABLE_OBJC_ARC = YES;
				CLANG_WARN_BOOL_CONVERSION = YES;
				CLANG_WARN_CONSTANT_CONVERSION = YES;
				CLANG_WARN_DIRECT_OBJC_ISA_USAGE = YES_ERROR;
				CLANG_WARN_DOCUMENTATION_COMMENTS = YES;
				CLANG_WARN_EMPTY_BODY = YES;
				CLANG_WARN_ENUM_CONVERSION = YES;
				CLANG_WARN_INFINITE_RECURSION = YES;
				CLANG_WARN_INT_CONVERSION = YES;
				CLANG_WARN_OBJC_ROOT_CLASS = YES_ERROR;
				CLANG_WARN_SUSPICIOUS_MOVE = YES;
				CLANG_WARN_UNREACHABLE_CODE = YES;
				CLANG_WARN__DUPLICATE_METHOD_MATCH = YES;
				"CODE_SIGN_IDENTITY[sdk=iphoneos*]" = "iPhone Developer";
				COPY_PHASE_STRIP = NO;
				DEBUG_INFORMATION_FORMAT = "dwarf-with-dsym";
				ENABLE_NS_ASSERTIONS = NO;
				ENABLE_STRICT_OBJC_MSGSEND = YES;
				GCC_C_LANGUAGE_STANDARD = gnu99;
				GCC_NO_COMMON_BLOCKS = YES;
				GCC_WARN_64_TO_32_BIT_CONVERSION = YES;
				GCC_WARN_ABOUT_RETURN_TYPE = YES_ERROR;
				GCC_WARN_UNDECLARED_SELECTOR = YES;
				GCC_WARN_UNINITIALIZED_AUTOS = YES_AGGRESSIVE;
				GCC_WARN_UNUSED_FUNCTION = YES;
				GCC_WARN_UNUSED_VARIABLE = YES;
				IPHONEOS_DEPLOYMENT_TARGET = 10.3;
				MTL_ENABLE_DEBUG_INFO = NO;
				SDKROOT = iphoneos;
				SWIFT_OPTIMIZATION_LEVEL = "-Owholemodule";
				TARGETED_DEVICE_FAMILY = "1,2";
				VALIDATE_PRODUCT = YES;
			};
			name = Release;
		};
		EFCED4E81F27BD63002E9EA3 /* Debug */ = {
			isa = XCBuildConfiguration;
			buildSettings = {
				ASSETCATALOG_COMPILER_APPICON_NAME = AppIcon;
				DEVELOPMENT_TEAM = QAUJP6N6W5;
				INFOPLIST_FILE = "SmartVehicleSec-ClientApp/Info.plist";
				IPHONEOS_DEPLOYMENT_TARGET = 10.3;
				LD_RUNPATH_SEARCH_PATHS = "$(inherited) @executable_path/Frameworks";
				PRODUCT_BUNDLE_IDENTIFIER = "com.jordanhubbard.SmartVehicleSec-ClientApp";
				PRODUCT_NAME = "$(TARGET_NAME)";
				SWIFT_VERSION = 3.0;
			};
			name = Debug;
		};
		EFCED4E91F27BD63002E9EA3 /* Release */ = {
			isa = XCBuildConfiguration;
			buildSettings = {
				ASSETCATALOG_COMPILER_APPICON_NAME = AppIcon;
				DEVELOPMENT_TEAM = QAUJP6N6W5;
				INFOPLIST_FILE = "SmartVehicleSec-ClientApp/Info.plist";
				IPHONEOS_DEPLOYMENT_TARGET = 10.3;
				LD_RUNPATH_SEARCH_PATHS = "$(inherited) @executable_path/Frameworks";
				PRODUCT_BUNDLE_IDENTIFIER = "com.jordanhubbard.SmartVehicleSec-ClientApp";
				PRODUCT_NAME = "$(TARGET_NAME)";
				SWIFT_VERSION = 3.0;
			};
			name = Release;
		};
		EFCED4EB1F27BD63002E9EA3 /* Debug */ = {
			isa = XCBuildConfiguration;
			buildSettings = {
				ALWAYS_EMBED_SWIFT_STANDARD_LIBRARIES = YES;
				BUNDLE_LOADER = "$(TEST_HOST)";
				DEVELOPMENT_TEAM = QAUJP6N6W5;
				INFOPLIST_FILE = "SmartVehicleSec-ClientAppTests/Info.plist";
				LD_RUNPATH_SEARCH_PATHS = "$(inherited) @executable_path/Frameworks @loader_path/Frameworks";
				PRODUCT_BUNDLE_IDENTIFIER = "com.jordanhubbard.SmartVehicleSec-ClientAppTests";
				PRODUCT_NAME = "$(TARGET_NAME)";
				SWIFT_VERSION = 3.0;
				TEST_HOST = "$(BUILT_PRODUCTS_DIR)/SmartVehicleSec-ClientApp.app/SmartVehicleSec-ClientApp";
			};
			name = Debug;
		};
		EFCED4EC1F27BD63002E9EA3 /* Release */ = {
			isa = XCBuildConfiguration;
			buildSettings = {
				ALWAYS_EMBED_SWIFT_STANDARD_LIBRARIES = YES;
				BUNDLE_LOADER = "$(TEST_HOST)";
				DEVELOPMENT_TEAM = QAUJP6N6W5;
				INFOPLIST_FILE = "SmartVehicleSec-ClientAppTests/Info.plist";
				LD_RUNPATH_SEARCH_PATHS = "$(inherited) @executable_path/Frameworks @loader_path/Frameworks";
				PRODUCT_BUNDLE_IDENTIFIER = "com.jordanhubbard.SmartVehicleSec-ClientAppTests";
				PRODUCT_NAME = "$(TARGET_NAME)";
				SWIFT_VERSION = 3.0;
				TEST_HOST = "$(BUILT_PRODUCTS_DIR)/SmartVehicleSec-ClientApp.app/SmartVehicleSec-ClientApp";
			};
			name = Release;
		};
		EFCED4EE1F27BD63002E9EA3 /* Debug */ = {
			isa = XCBuildConfiguration;
			buildSettings = {
				ALWAYS_EMBED_SWIFT_STANDARD_LIBRARIES = YES;
				DEVELOPMENT_TEAM = QAUJP6N6W5;
				INFOPLIST_FILE = "SmartVehicleSec-ClientAppUITests/Info.plist";
				LD_RUNPATH_SEARCH_PATHS = "$(inherited) @executable_path/Frameworks @loader_path/Frameworks";
				PRODUCT_BUNDLE_IDENTIFIER = "com.jordanhubbard.SmartVehicleSec-ClientAppUITests";
				PRODUCT_NAME = "$(TARGET_NAME)";
				SWIFT_VERSION = 3.0;
				TEST_TARGET_NAME = "SmartVehicleSec-ClientApp";
			};
			name = Debug;
		};
		EFCED4EF1F27BD63002E9EA3 /* Release */ = {
			isa = XCBuildConfiguration;
			buildSettings = {
				ALWAYS_EMBED_SWIFT_STANDARD_LIBRARIES = YES;
				DEVELOPMENT_TEAM = QAUJP6N6W5;
				INFOPLIST_FILE = "SmartVehicleSec-ClientAppUITests/Info.plist";
				LD_RUNPATH_SEARCH_PATHS = "$(inherited) @executable_path/Frameworks @loader_path/Frameworks";
				PRODUCT_BUNDLE_IDENTIFIER = "com.jordanhubbard.SmartVehicleSec-ClientAppUITests";
				PRODUCT_NAME = "$(TARGET_NAME)";
				SWIFT_VERSION = 3.0;
				TEST_TARGET_NAME = "SmartVehicleSec-ClientApp";
			};
			name = Release;
		};
/* End XCBuildConfiguration section */

/* Begin XCConfigurationList section */
		EFCED4BA1F27BD62002E9EA3 /* Build configuration list for PBXProject "SmartVehicleSec-ClientApp" */ = {
			isa = XCConfigurationList;
			buildConfigurations = (
				EFCED4E51F27BD63002E9EA3 /* Debug */,
				EFCED4E61F27BD63002E9EA3 /* Release */,
			);
			defaultConfigurationIsVisible = 0;
			defaultConfigurationName = Release;
		};
		EFCED4E71F27BD63002E9EA3 /* Build configuration list for PBXNativeTarget "SmartVehicleSec-ClientApp" */ = {
			isa = XCConfigurationList;
			buildConfigurations = (
				EFCED4E81F27BD63002E9EA3 /* Debug */,
				EFCED4E91F27BD63002E9EA3 /* Release */,
			);
			defaultConfigurationIsVisible = 0;
			defaultConfigurationName = Release;
		};
		EFCED4EA1F27BD63002E9EA3 /* Build configuration list for PBXNativeTarget "SmartVehicleSec-ClientAppTests" */ = {
			isa = XCConfigurationList;
			buildConfigurations = (
				EFCED4EB1F27BD63002E9EA3 /* Debug */,
				EFCED4EC1F27BD63002E9EA3 /* Release */,
			);
			defaultConfigurationIsVisible = 0;
			defaultConfigurationName = Release;
		};
		EFCED4ED1F27BD63002E9EA3 /* Build configuration list for PBXNativeTarget "SmartVehicleSec-ClientAppUITests" */ = {
			isa = XCConfigurationList;
			buildConfigurations = (
				EFCED4EE1F27BD63002E9EA3 /* Debug */,
				EFCED4EF1F27BD63002E9EA3 /* Release */,
			);
			defaultConfigurationIsVisible = 0;
			defaultConfigurationName = Release;
		};
/* End XCConfigurationList section */
	};
	rootObject = EFCED4B71F27BD62002E9EA3 /* Project object */;
}
